
Microsoft Visual Studio Solution File, Format Version 12.00
# Visual Studio Version 17
VisualStudioVersion = 17.8.34330.188
MinimumVisualStudioVersion = 10.0.40219.1
Project("{FAE04EC0-301F-11D3-BF4B-00C04F79EFBC}") = "AuthenticationAuthorizationConcepts.WebAPI", "AuthenticationAuthorizationConcepts.WebAPI\AuthenticationAuthorizationConcepts.WebAPI.csproj", "{C8130ADF-F9F6-4987-9E26-652593BC813D}"
EndProject
Project("{FAE04EC0-301F-11D3-BF4B-00C04F79EFBC}") = "AuthenticationAuthorizationConcepts.Domain", "AuthenticationAuthorizationConcepts.Domain\AuthenticationAuthorizationConcepts.Domain.csproj", "{762676A8-53CC-4CCF-AFBA-4E235525ED93}"
EndProject
Project("{FAE04EC0-301F-11D3-BF4B-00C04F79EFBC}") = "AuthenticationAuthorizationConcepts.Application", "AuthenticationAuthorizationConcepts.Application\AuthenticationAuthorizationConcepts.Application.csproj", "{208152E1-9F8E-4B7B-9D55-460E908377DB}"
EndProject
Project("{FAE04EC0-301F-11D3-BF4B-00C04F79EFBC}") = "AuthenticationAuthorizationConcepts.Common", "AuthenticationAuthorizationConcepts.Common\AuthenticationAuthorizationConcepts.Common.csproj", "{249DCB6D-7837-4372-B61E-D26F0A3A2D43}"
EndProject
Project("{FAE04EC0-301F-11D3-BF4B-00C04F79EFBC}") = "AuthenticationAuthorizationConcepts.Infrastructure", "AuthenticationAuthorizationConcepts.Infrastructure\AuthenticationAuthorizationConcepts.Infrastructure.csproj", "{3A7A1B9D-21D7-432E-A43D-1EDF1CECA5B5}"
EndProject
Global
	GlobalSection(SolutionConfigurationPlatforms) = preSolution
		Debug|Any CPU = Debug|Any CPU
		Release|Any CPU = Release|Any CPU
	EndGlobalSection
	GlobalSection(ProjectConfigurationPlatforms) = postSolution
		{C8130ADF-F9F6-4987-9E26-652593BC813D}.Debug|Any CPU.ActiveCfg = Debug|Any CPU
		{C8130ADF-F9F6-4987-9E26-652593BC813D}.Debug|Any CPU.Build.0 = Debug|Any CPU
		{C8130ADF-F9F6-4987-9E26-652593BC813D}.Release|Any CPU.ActiveCfg = Release|Any CPU
		{C8130ADF-F9F6-4987-9E26-652593BC813D}.Release|Any CPU.Build.0 = Release|Any CPU
		{762676A8-53CC-4CCF-AFBA-4E235525ED93}.Debug|Any CPU.ActiveCfg = Debug|Any CPU
		{762676A8-53CC-4CCF-AFBA-4E235525ED93}.Debug|Any CPU.Build.0 = Debug|Any CPU
		{762676A8-53CC-4CCF-AFBA-4E235525ED93}.Release|Any CPU.ActiveCfg = Release|Any CPU
		{762676A8-53CC-4CCF-AFBA-4E235525ED93}.Release|Any CPU.Build.0 = Release|Any CPU
		{208152E1-9F8E-4B7B-9D55-460E908377DB}.Debug|Any CPU.ActiveCfg = Debug|Any CPU
		{208152E1-9F8E-4B7B-9D55-460E908377DB}.Debug|Any CPU.Build.0 = Debug|Any CPU
		{208152E1-9F8E-4B7B-9D55-460E908377DB}.Release|Any CPU.ActiveCfg = Release|Any CPU
		{208152E1-9F8E-4B7B-9D55-460E908377DB}.Release|Any CPU.Build.0 = Release|Any CPU
		{249DCB6D-7837-4372-B61E-D26F0A3A2D43}.Debug|Any CPU.ActiveCfg = Debug|Any CPU
		{249DCB6D-7837-4372-B61E-D26F0A3A2D43}.Debug|Any CPU.Build.0 = Debug|Any CPU
		{249DCB6D-7837-4372-B61E-D26F0A3A2D43}.Release|Any CPU.ActiveCfg = Release|Any CPU
		{249DCB6D-7837-4372-B61E-D26F0A3A2D43}.Release|Any CPU.Build.0 = Release|Any CPU
		{3A7A1B9D-21D7-432E-A43D-1EDF1CECA5B5}.Debug|Any CPU.ActiveCfg = Debug|Any CPU
		{3A7A1B9D-21D7-432E-A43D-1EDF1CECA5B5}.Debug|Any CPU.Build.0 = Debug|Any CPU
		{3A7A1B9D-21D7-432E-A43D-1EDF1CECA5B5}.Release|Any CPU.ActiveCfg = Release|Any CPU
		{3A7A1B9D-21D7-432E-A43D-1EDF1CECA5B5}.Release|Any CPU.Build.0 = Release|Any CPU
	EndGlobalSection
	GlobalSection(SolutionProperties) = preSolution
		HideSolutionNode = FALSE
	EndGlobalSection
	GlobalSection(ExtensibilityGlobals) = postSolution
		SolutionGuid = {F1920649-376D-49BC-BEF6-533405168DE9}
	EndGlobalSection
EndGlobal
